
Microsoft Visual Studio Solution File, Format Version 12.00
# Visual Studio Version 17
VisualStudioVersion = 17.5.002.0
MinimumVisualStudioVersion = 10.0.40219.1
Project("{9A19103F-16F7-4668-BE54-9A1E7A4F7556}") = "C#", "C#.csproj", "{2DD4CC28-9052-448A-8189-9F8F13B2B9E9}"
EndProject
Global
	GlobalSection(SolutionConfigurationPlatforms) = preSolution
		Debug|Any CPU = Debug|Any CPU
		Release|Any CPU = Release|Any CPU
	EndGlobalSection
	GlobalSection(ProjectConfigurationPlatforms) = postSolution
		{2DD4CC28-9052-448A-8189-9F8F13B2B9E9}.Debug|Any CPU.ActiveCfg = Debug|Any CPU
		{2DD4CC28-9052-448A-8189-9F8F13B2B9E9}.Debug|Any CPU.Build.0 = Debug|Any CPU
		{2DD4CC28-9052-448A-8189-9F8F13B2B9E9}.Release|Any CPU.ActiveCfg = Release|Any CPU
		{2DD4CC28-9052-448A-8189-9F8F13B2B9E9}.Release|Any CPU.Build.0 = Release|Any CPU
	EndGlobalSection
	GlobalSection(SolutionProperties) = preSolution
		HideSolutionNode = FALSE
	EndGlobalSection
	GlobalSection(ExtensibilityGlobals) = postSolution
		SolutionGuid = {F7903A4D-1302-4DA7-B832-FC98B30E8E92}
	EndGlobalSection
EndGlobal
