
Microsoft Visual Studio Solution File, Format Version 12.00
# Visual Studio Version 17
VisualStudioVersion = 17.5.002.0
MinimumVisualStudioVersion = 10.0.40219.1
Project("{9A19103F-16F7-4668-BE54-9A1E7A4F7556}") = "C#", "C#.csproj", "{8FD1FD2A-6DFF-4E27-A231-4FB054F3364C}"
EndProject
Global
	GlobalSection(SolutionConfigurationPlatforms) = preSolution
		Debug|Any CPU = Debug|Any CPU
		Release|Any CPU = Release|Any CPU
	EndGlobalSection
	GlobalSection(ProjectConfigurationPlatforms) = postSolution
		{8FD1FD2A-6DFF-4E27-A231-4FB054F3364C}.Debug|Any CPU.ActiveCfg = Debug|Any CPU
		{8FD1FD2A-6DFF-4E27-A231-4FB054F3364C}.Debug|Any CPU.Build.0 = Debug|Any CPU
		{8FD1FD2A-6DFF-4E27-A231-4FB054F3364C}.Release|Any CPU.ActiveCfg = Release|Any CPU
		{8FD1FD2A-6DFF-4E27-A231-4FB054F3364C}.Release|Any CPU.Build.0 = Release|Any CPU
	EndGlobalSection
	GlobalSection(SolutionProperties) = preSolution
		HideSolutionNode = FALSE
	EndGlobalSection
	GlobalSection(ExtensibilityGlobals) = postSolution
		SolutionGuid = {E29F3D78-1EA1-4054-9390-EA95DD3BDEC1}
	EndGlobalSection
EndGlobal
