
Microsoft Visual Studio Solution File, Format Version 12.00
# Visual Studio Version 17
VisualStudioVersion = 17.5.002.0
MinimumVisualStudioVersion = 10.0.40219.1
Project("{9A19103F-16F7-4668-BE54-9A1E7A4F7556}") = "C#", "C#.csproj", "{6E665D61-3D96-4A4B-830A-8D794761BC05}"
EndProject
Global
	GlobalSection(SolutionConfigurationPlatforms) = preSolution
		Debug|Any CPU = Debug|Any CPU
		Release|Any CPU = Release|Any CPU
	EndGlobalSection
	GlobalSection(ProjectConfigurationPlatforms) = postSolution
		{6E665D61-3D96-4A4B-830A-8D794761BC05}.Debug|Any CPU.ActiveCfg = Debug|Any CPU
		{6E665D61-3D96-4A4B-830A-8D794761BC05}.Debug|Any CPU.Build.0 = Debug|Any CPU
		{6E665D61-3D96-4A4B-830A-8D794761BC05}.Release|Any CPU.ActiveCfg = Release|Any CPU
		{6E665D61-3D96-4A4B-830A-8D794761BC05}.Release|Any CPU.Build.0 = Release|Any CPU
	EndGlobalSection
	GlobalSection(SolutionProperties) = preSolution
		HideSolutionNode = FALSE
	EndGlobalSection
	GlobalSection(ExtensibilityGlobals) = postSolution
		SolutionGuid = {B67B008C-CF2F-4D4D-93B9-A52FC2B3E7F9}
	EndGlobalSection
EndGlobal
