
Microsoft Visual Studio Solution File, Format Version 12.00
# Visual Studio Version 17
VisualStudioVersion = 17.5.002.0
MinimumVisualStudioVersion = 10.0.40219.1
Project("{9A19103F-16F7-4668-BE54-9A1E7A4F7556}") = "C#", "C#.csproj", "{9504E9A1-EDC1-4763-8646-5DC3689B7285}"
EndProject
Global
	GlobalSection(SolutionConfigurationPlatforms) = preSolution
		Debug|Any CPU = Debug|Any CPU
		Release|Any CPU = Release|Any CPU
	EndGlobalSection
	GlobalSection(ProjectConfigurationPlatforms) = postSolution
		{9504E9A1-EDC1-4763-8646-5DC3689B7285}.Debug|Any CPU.ActiveCfg = Debug|Any CPU
		{9504E9A1-EDC1-4763-8646-5DC3689B7285}.Debug|Any CPU.Build.0 = Debug|Any CPU
		{9504E9A1-EDC1-4763-8646-5DC3689B7285}.Release|Any CPU.ActiveCfg = Release|Any CPU
		{9504E9A1-EDC1-4763-8646-5DC3689B7285}.Release|Any CPU.Build.0 = Release|Any CPU
	EndGlobalSection
	GlobalSection(SolutionProperties) = preSolution
		HideSolutionNode = FALSE
	EndGlobalSection
	GlobalSection(ExtensibilityGlobals) = postSolution
		SolutionGuid = {8ADD9F4B-6059-4633-8EE2-E7A59D086F7C}
	EndGlobalSection
EndGlobal
