
Microsoft Visual Studio Solution File, Format Version 12.00
# Visual Studio Version 17
VisualStudioVersion = 17.5.002.0
MinimumVisualStudioVersion = 10.0.40219.1
Project("{9A19103F-16F7-4668-BE54-9A1E7A4F7556}") = "C#", "C#.csproj", "{133715B6-01FE-4BE5-BD09-1E1541827F9E}"
EndProject
Global
	GlobalSection(SolutionConfigurationPlatforms) = preSolution
		Debug|Any CPU = Debug|Any CPU
		Release|Any CPU = Release|Any CPU
	EndGlobalSection
	GlobalSection(ProjectConfigurationPlatforms) = postSolution
		{133715B6-01FE-4BE5-BD09-1E1541827F9E}.Debug|Any CPU.ActiveCfg = Debug|Any CPU
		{133715B6-01FE-4BE5-BD09-1E1541827F9E}.Debug|Any CPU.Build.0 = Debug|Any CPU
		{133715B6-01FE-4BE5-BD09-1E1541827F9E}.Release|Any CPU.ActiveCfg = Release|Any CPU
		{133715B6-01FE-4BE5-BD09-1E1541827F9E}.Release|Any CPU.Build.0 = Release|Any CPU
	EndGlobalSection
	GlobalSection(SolutionProperties) = preSolution
		HideSolutionNode = FALSE
	EndGlobalSection
	GlobalSection(ExtensibilityGlobals) = postSolution
		SolutionGuid = {4E778D40-EAF5-455E-9459-6F48BF4DBF8D}
	EndGlobalSection
EndGlobal
