
Microsoft Visual Studio Solution File, Format Version 12.00
# Visual Studio Version 17
VisualStudioVersion = 17.5.002.0
MinimumVisualStudioVersion = 10.0.40219.1
Project("{9A19103F-16F7-4668-BE54-9A1E7A4F7556}") = "C#", "C#.csproj", "{6CF3E502-1C22-4471-904A-345E9FE8C119}"
EndProject
Global
	GlobalSection(SolutionConfigurationPlatforms) = preSolution
		Debug|Any CPU = Debug|Any CPU
		Release|Any CPU = Release|Any CPU
	EndGlobalSection
	GlobalSection(ProjectConfigurationPlatforms) = postSolution
		{6CF3E502-1C22-4471-904A-345E9FE8C119}.Debug|Any CPU.ActiveCfg = Debug|Any CPU
		{6CF3E502-1C22-4471-904A-345E9FE8C119}.Debug|Any CPU.Build.0 = Debug|Any CPU
		{6CF3E502-1C22-4471-904A-345E9FE8C119}.Release|Any CPU.ActiveCfg = Release|Any CPU
		{6CF3E502-1C22-4471-904A-345E9FE8C119}.Release|Any CPU.Build.0 = Release|Any CPU
	EndGlobalSection
	GlobalSection(SolutionProperties) = preSolution
		HideSolutionNode = FALSE
	EndGlobalSection
	GlobalSection(ExtensibilityGlobals) = postSolution
		SolutionGuid = {F375D9D7-7CE0-4DC3-B0CE-F68B0D6C629F}
	EndGlobalSection
EndGlobal
