
Microsoft Visual Studio Solution File, Format Version 12.00
# Visual Studio Version 17
VisualStudioVersion = 17.5.002.0
MinimumVisualStudioVersion = 10.0.40219.1
Project("{9A19103F-16F7-4668-BE54-9A1E7A4F7556}") = "C#", "C#.csproj", "{52D2B90A-BF94-42F7-80B4-11DF1886F1FD}"
EndProject
Global
	GlobalSection(SolutionConfigurationPlatforms) = preSolution
		Debug|Any CPU = Debug|Any CPU
		Release|Any CPU = Release|Any CPU
	EndGlobalSection
	GlobalSection(ProjectConfigurationPlatforms) = postSolution
		{52D2B90A-BF94-42F7-80B4-11DF1886F1FD}.Debug|Any CPU.ActiveCfg = Debug|Any CPU
		{52D2B90A-BF94-42F7-80B4-11DF1886F1FD}.Debug|Any CPU.Build.0 = Debug|Any CPU
		{52D2B90A-BF94-42F7-80B4-11DF1886F1FD}.Release|Any CPU.ActiveCfg = Release|Any CPU
		{52D2B90A-BF94-42F7-80B4-11DF1886F1FD}.Release|Any CPU.Build.0 = Release|Any CPU
	EndGlobalSection
	GlobalSection(SolutionProperties) = preSolution
		HideSolutionNode = FALSE
	EndGlobalSection
	GlobalSection(ExtensibilityGlobals) = postSolution
		SolutionGuid = {FA0F54BF-6437-4E31-824D-6E97C580BD08}
	EndGlobalSection
EndGlobal
