
Microsoft Visual Studio Solution File, Format Version 12.00
# Visual Studio Version 17
VisualStudioVersion = 17.5.002.0
MinimumVisualStudioVersion = 10.0.40219.1
Project("{9A19103F-16F7-4668-BE54-9A1E7A4F7556}") = "C#", "C#.csproj", "{4339A23A-1724-43C1-8BBB-6CD6D41762DD}"
EndProject
Global
	GlobalSection(SolutionConfigurationPlatforms) = preSolution
		Debug|Any CPU = Debug|Any CPU
		Release|Any CPU = Release|Any CPU
	EndGlobalSection
	GlobalSection(ProjectConfigurationPlatforms) = postSolution
		{4339A23A-1724-43C1-8BBB-6CD6D41762DD}.Debug|Any CPU.ActiveCfg = Debug|Any CPU
		{4339A23A-1724-43C1-8BBB-6CD6D41762DD}.Debug|Any CPU.Build.0 = Debug|Any CPU
		{4339A23A-1724-43C1-8BBB-6CD6D41762DD}.Release|Any CPU.ActiveCfg = Release|Any CPU
		{4339A23A-1724-43C1-8BBB-6CD6D41762DD}.Release|Any CPU.Build.0 = Release|Any CPU
	EndGlobalSection
	GlobalSection(SolutionProperties) = preSolution
		HideSolutionNode = FALSE
	EndGlobalSection
	GlobalSection(ExtensibilityGlobals) = postSolution
		SolutionGuid = {2FA208A9-18BC-4860-84FC-EB5E430AD8BA}
	EndGlobalSection
EndGlobal
